
Microsoft Visual Studio Solution File, Format Version 12.00
# Visual Studio Version 17
VisualStudioVersion = 17.5.33530.505
MinimumVisualStudioVersion = 10.0.40219.1
Project("{9A19103F-16F7-4668-BE54-9A1E7A4F7556}") = "SM.ClubManager.AccessControl.UI", "..\SM.ClubManager.AccessControl.UI\SM.ClubManager.AccessControl.UI.csproj", "{80629562-14E4-4FCE-9F58-A1C4A98C9E79}"
EndProject
Project("{9A19103F-16F7-4668-BE54-9A1E7A4F7556}") = "SM.ClubManager.AccessControl.Config", "..\SM.ClubManager.AccessControl.Config\SM.ClubManager.AccessControl.Config.csproj", "{07A3E7BE-13D1-46AD-BAA3-BA51B9C088D9}"
EndProject
Project("{9A19103F-16F7-4668-BE54-9A1E7A4F7556}") = "SM.ClubManager.AccessControl.Database", "..\SM.ClubManager.AccessControl.Database\SM.ClubManager.AccessControl.Database.csproj", "{A8BBB0B9-5B2B-4074-8E16-F14838C6DC89}"
EndProject
Project("{9A19103F-16F7-4668-BE54-9A1E7A4F7556}") = "SM.ClubManager.AccessControl.Model", "..\SM.ClubManager.AccessControl.Model\SM.ClubManager.AccessControl.Model.csproj", "{6251FAA3-1225-4EB6-BB56-6690DB5880AE}"
EndProject
Project("{9A19103F-16F7-4668-BE54-9A1E7A4F7556}") = "SM.ClubManager.AccessControl.Repository", "..\SM.ClubManager.AccessControl.Repository\SM.ClubManager.AccessControl.Repository.csproj", "{54E8AA1B-B02E-4F2A-9581-248BB87B99B4}"
EndProject
Project("{9A19103F-16F7-4668-BE54-9A1E7A4F7556}") = "SM.ClubManager.AccessControl.SDK", "..\SM.ClubManager.AccessControl.SDK\SM.ClubManager.AccessControl.SDK.csproj", "{F62F098F-179F-4E2F-97AB-6E6A35435922}"
EndProject
Project("{9A19103F-16F7-4668-BE54-9A1E7A4F7556}") = "SIS.Library.Base", "..\..\..\SIS.Library .NET Standard\SIS.Library.Base\SIS.Library.Base.csproj", "{BDB03149-BE2F-4460-9312-395F1C369CCE}"
EndProject
Project("{9A19103F-16F7-4668-BE54-9A1E7A4F7556}") = "SIS.Library.WinFormsBase", "..\..\..\SIS.Library .NET Standard\SIS.Library.WinFormsBase\SIS.Library.WinFormsBase.csproj", "{451189F2-A27F-4575-92E5-10B5A5920087}"
EndProject
Project("{9A19103F-16F7-4668-BE54-9A1E7A4F7556}") = "SIS.Library.Modelbase", "..\..\..\SIS.Library .NET Standard\SIS.Library.Modelbase\SIS.Library.Modelbase.csproj", "{FDAD15D7-CD85-413E-A612-CECC7C0AF251}"
EndProject
Project("{9A19103F-16F7-4668-BE54-9A1E7A4F7556}") = "SM.ClubManager.AccessControl.PortScanner", "..\SM.ClubManager.AccessControl.PortScanner\SM.ClubManager.AccessControl.PortScanner.csproj", "{5C4FAB30-4E3E-4B0B-AF60-CC8E350605F4}"
EndProject
Project("{54435603-DBB4-11D2-8724-00A0C9A8B90C}") = "Simply Switch Manager", "..\Simply Switch Manager\Simply Switch Manager.vdproj", "{8402249A-88E4-4D25-BDB7-3B120EAFD0B0}"
EndProject
Global
	GlobalSection(SolutionConfigurationPlatforms) = preSolution
		Debug|Any CPU = Debug|Any CPU
		Debug|x86 = Debug|x86
		Release|Any CPU = Release|Any CPU
		Release|x86 = Release|x86
	EndGlobalSection
	GlobalSection(ProjectConfigurationPlatforms) = postSolution
		{80629562-14E4-4FCE-9F58-A1C4A98C9E79}.Debug|Any CPU.ActiveCfg = Debug|Any CPU
		{80629562-14E4-4FCE-9F58-A1C4A98C9E79}.Debug|Any CPU.Build.0 = Debug|Any CPU
		{80629562-14E4-4FCE-9F58-A1C4A98C9E79}.Debug|x86.ActiveCfg = Debug|x86
		{80629562-14E4-4FCE-9F58-A1C4A98C9E79}.Debug|x86.Build.0 = Debug|x86
		{80629562-14E4-4FCE-9F58-A1C4A98C9E79}.Release|Any CPU.ActiveCfg = Release|Any CPU
		{80629562-14E4-4FCE-9F58-A1C4A98C9E79}.Release|Any CPU.Build.0 = Release|Any CPU
		{80629562-14E4-4FCE-9F58-A1C4A98C9E79}.Release|x86.ActiveCfg = Release|x86
		{80629562-14E4-4FCE-9F58-A1C4A98C9E79}.Release|x86.Build.0 = Release|x86
		{07A3E7BE-13D1-46AD-BAA3-BA51B9C088D9}.Debug|Any CPU.ActiveCfg = Debug|Any CPU
		{07A3E7BE-13D1-46AD-BAA3-BA51B9C088D9}.Debug|Any CPU.Build.0 = Debug|Any CPU
		{07A3E7BE-13D1-46AD-BAA3-BA51B9C088D9}.Debug|x86.ActiveCfg = Debug|x86
		{07A3E7BE-13D1-46AD-BAA3-BA51B9C088D9}.Debug|x86.Build.0 = Debug|x86
		{07A3E7BE-13D1-46AD-BAA3-BA51B9C088D9}.Release|Any CPU.ActiveCfg = Release|Any CPU
		{07A3E7BE-13D1-46AD-BAA3-BA51B9C088D9}.Release|Any CPU.Build.0 = Release|Any CPU
		{07A3E7BE-13D1-46AD-BAA3-BA51B9C088D9}.Release|x86.ActiveCfg = Release|x86
		{07A3E7BE-13D1-46AD-BAA3-BA51B9C088D9}.Release|x86.Build.0 = Release|x86
		{A8BBB0B9-5B2B-4074-8E16-F14838C6DC89}.Debug|Any CPU.ActiveCfg = Debug|Any CPU
		{A8BBB0B9-5B2B-4074-8E16-F14838C6DC89}.Debug|Any CPU.Build.0 = Debug|Any CPU
		{A8BBB0B9-5B2B-4074-8E16-F14838C6DC89}.Debug|x86.ActiveCfg = Debug|x86
		{A8BBB0B9-5B2B-4074-8E16-F14838C6DC89}.Debug|x86.Build.0 = Debug|x86
		{A8BBB0B9-5B2B-4074-8E16-F14838C6DC89}.Release|Any CPU.ActiveCfg = Release|Any CPU
		{A8BBB0B9-5B2B-4074-8E16-F14838C6DC89}.Release|Any CPU.Build.0 = Release|Any CPU
		{A8BBB0B9-5B2B-4074-8E16-F14838C6DC89}.Release|x86.ActiveCfg = Release|x86
		{A8BBB0B9-5B2B-4074-8E16-F14838C6DC89}.Release|x86.Build.0 = Release|x86
		{6251FAA3-1225-4EB6-BB56-6690DB5880AE}.Debug|Any CPU.ActiveCfg = Debug|Any CPU
		{6251FAA3-1225-4EB6-BB56-6690DB5880AE}.Debug|Any CPU.Build.0 = Debug|Any CPU
		{6251FAA3-1225-4EB6-BB56-6690DB5880AE}.Debug|x86.ActiveCfg = Debug|x86
		{6251FAA3-1225-4EB6-BB56-6690DB5880AE}.Debug|x86.Build.0 = Debug|x86
		{6251FAA3-1225-4EB6-BB56-6690DB5880AE}.Release|Any CPU.ActiveCfg = Release|Any CPU
		{6251FAA3-1225-4EB6-BB56-6690DB5880AE}.Release|Any CPU.Build.0 = Release|Any CPU
		{6251FAA3-1225-4EB6-BB56-6690DB5880AE}.Release|x86.ActiveCfg = Release|x86
		{6251FAA3-1225-4EB6-BB56-6690DB5880AE}.Release|x86.Build.0 = Release|x86
		{54E8AA1B-B02E-4F2A-9581-248BB87B99B4}.Debug|Any CPU.ActiveCfg = Debug|Any CPU
		{54E8AA1B-B02E-4F2A-9581-248BB87B99B4}.Debug|Any CPU.Build.0 = Debug|Any CPU
		{54E8AA1B-B02E-4F2A-9581-248BB87B99B4}.Debug|x86.ActiveCfg = Debug|x86
		{54E8AA1B-B02E-4F2A-9581-248BB87B99B4}.Debug|x86.Build.0 = Debug|x86
		{54E8AA1B-B02E-4F2A-9581-248BB87B99B4}.Release|Any CPU.ActiveCfg = Release|Any CPU
		{54E8AA1B-B02E-4F2A-9581-248BB87B99B4}.Release|Any CPU.Build.0 = Release|Any CPU
		{54E8AA1B-B02E-4F2A-9581-248BB87B99B4}.Release|x86.ActiveCfg = Release|x86
		{54E8AA1B-B02E-4F2A-9581-248BB87B99B4}.Release|x86.Build.0 = Release|x86
		{F62F098F-179F-4E2F-97AB-6E6A35435922}.Debug|Any CPU.ActiveCfg = Debug|Any CPU
		{F62F098F-179F-4E2F-97AB-6E6A35435922}.Debug|Any CPU.Build.0 = Debug|Any CPU
		{F62F098F-179F-4E2F-97AB-6E6A35435922}.Debug|x86.ActiveCfg = Debug|x86
		{F62F098F-179F-4E2F-97AB-6E6A35435922}.Debug|x86.Build.0 = Debug|x86
		{F62F098F-179F-4E2F-97AB-6E6A35435922}.Release|Any CPU.ActiveCfg = Release|Any CPU
		{F62F098F-179F-4E2F-97AB-6E6A35435922}.Release|Any CPU.Build.0 = Release|Any CPU
		{F62F098F-179F-4E2F-97AB-6E6A35435922}.Release|x86.ActiveCfg = Release|x86
		{F62F098F-179F-4E2F-97AB-6E6A35435922}.Release|x86.Build.0 = Release|x86
		{BDB03149-BE2F-4460-9312-395F1C369CCE}.Debug|Any CPU.ActiveCfg = Debug|Any CPU
		{BDB03149-BE2F-4460-9312-395F1C369CCE}.Debug|Any CPU.Build.0 = Debug|Any CPU
		{BDB03149-BE2F-4460-9312-395F1C369CCE}.Debug|x86.ActiveCfg = Debug|x86
		{BDB03149-BE2F-4460-9312-395F1C369CCE}.Debug|x86.Build.0 = Debug|x86
		{BDB03149-BE2F-4460-9312-395F1C369CCE}.Release|Any CPU.ActiveCfg = Release|Any CPU
		{BDB03149-BE2F-4460-9312-395F1C369CCE}.Release|Any CPU.Build.0 = Release|Any CPU
		{BDB03149-BE2F-4460-9312-395F1C369CCE}.Release|x86.ActiveCfg = Release|x86
		{BDB03149-BE2F-4460-9312-395F1C369CCE}.Release|x86.Build.0 = Release|x86
		{451189F2-A27F-4575-92E5-10B5A5920087}.Debug|Any CPU.ActiveCfg = Debug|Any CPU
		{451189F2-A27F-4575-92E5-10B5A5920087}.Debug|Any CPU.Build.0 = Debug|Any CPU
		{451189F2-A27F-4575-92E5-10B5A5920087}.Debug|x86.ActiveCfg = Debug|x86
		{451189F2-A27F-4575-92E5-10B5A5920087}.Debug|x86.Build.0 = Debug|x86
		{451189F2-A27F-4575-92E5-10B5A5920087}.Release|Any CPU.ActiveCfg = Release|Any CPU
		{451189F2-A27F-4575-92E5-10B5A5920087}.Release|Any CPU.Build.0 = Release|Any CPU
		{451189F2-A27F-4575-92E5-10B5A5920087}.Release|x86.ActiveCfg = Release|x86
		{451189F2-A27F-4575-92E5-10B5A5920087}.Release|x86.Build.0 = Release|x86
		{FDAD15D7-CD85-413E-A612-CECC7C0AF251}.Debug|Any CPU.ActiveCfg = Debug|Any CPU
		{FDAD15D7-CD85-413E-A612-CECC7C0AF251}.Debug|Any CPU.Build.0 = Debug|Any CPU
		{FDAD15D7-CD85-413E-A612-CECC7C0AF251}.Debug|x86.ActiveCfg = Debug|x86
		{FDAD15D7-CD85-413E-A612-CECC7C0AF251}.Debug|x86.Build.0 = Debug|x86
		{FDAD15D7-CD85-413E-A612-CECC7C0AF251}.Release|Any CPU.ActiveCfg = Release|Any CPU
		{FDAD15D7-CD85-413E-A612-CECC7C0AF251}.Release|Any CPU.Build.0 = Release|Any CPU
		{FDAD15D7-CD85-413E-A612-CECC7C0AF251}.Release|x86.ActiveCfg = Release|x86
		{FDAD15D7-CD85-413E-A612-CECC7C0AF251}.Release|x86.Build.0 = Release|x86
		{5C4FAB30-4E3E-4B0B-AF60-CC8E350605F4}.Debug|Any CPU.ActiveCfg = Debug|Any CPU
		{5C4FAB30-4E3E-4B0B-AF60-CC8E350605F4}.Debug|Any CPU.Build.0 = Debug|Any CPU
		{5C4FAB30-4E3E-4B0B-AF60-CC8E350605F4}.Debug|x86.ActiveCfg = Debug|x86
		{5C4FAB30-4E3E-4B0B-AF60-CC8E350605F4}.Debug|x86.Build.0 = Debug|x86
		{5C4FAB30-4E3E-4B0B-AF60-CC8E350605F4}.Release|Any CPU.ActiveCfg = Release|Any CPU
		{5C4FAB30-4E3E-4B0B-AF60-CC8E350605F4}.Release|Any CPU.Build.0 = Release|Any CPU
		{5C4FAB30-4E3E-4B0B-AF60-CC8E350605F4}.Release|x86.ActiveCfg = Release|x86
		{5C4FAB30-4E3E-4B0B-AF60-CC8E350605F4}.Release|x86.Build.0 = Release|x86
		{8402249A-88E4-4D25-BDB7-3B120EAFD0B0}.Debug|Any CPU.ActiveCfg = Debug
		{8402249A-88E4-4D25-BDB7-3B120EAFD0B0}.Debug|x86.ActiveCfg = Debug
		{8402249A-88E4-4D25-BDB7-3B120EAFD0B0}.Debug|x86.Build.0 = Debug
		{8402249A-88E4-4D25-BDB7-3B120EAFD0B0}.Release|Any CPU.ActiveCfg = Release
		{8402249A-88E4-4D25-BDB7-3B120EAFD0B0}.Release|x86.ActiveCfg = Release
	EndGlobalSection
	GlobalSection(SolutionProperties) = preSolution
		HideSolutionNode = FALSE
	EndGlobalSection
	GlobalSection(ExtensibilityGlobals) = postSolution
		SolutionGuid = {5D773E99-CCCF-4D6B-8C08-042BB4C3AAE6}
	EndGlobalSection
EndGlobal
