
Microsoft Visual Studio Solution File, Format Version 12.00
# Visual Studio Version 17
VisualStudioVersion = 17.5.33530.505
MinimumVisualStudioVersion = 10.0.40219.1
Project("{9A19103F-16F7-4668-BE54-9A1E7A4F7556}") = "SM.ClubManager.AccessControl.Config", "..\SM.ClubManager.AccessControl.Config\SM.ClubManager.AccessControl.Config.csproj", "{07A3E7BE-13D1-46AD-BAA3-BA51B9C088D9}"
EndProject
Project("{9A19103F-16F7-4668-BE54-9A1E7A4F7556}") = "SM.ClubManager.AccessControl.Database", "..\SM.ClubManager.AccessControl.Database\SM.ClubManager.AccessControl.Database.csproj", "{A8BBB0B9-5B2B-4074-8E16-F14838C6DC89}"
EndProject
Project("{9A19103F-16F7-4668-BE54-9A1E7A4F7556}") = "SM.ClubManager.AccessControl.Model", "..\SM.ClubManager.AccessControl.Model\SM.ClubManager.AccessControl.Model.csproj", "{6251FAA3-1225-4EB6-BB56-6690DB5880AE}"
EndProject
Project("{9A19103F-16F7-4668-BE54-9A1E7A4F7556}") = "SM.ClubManager.AccessControl.Repository", "..\SM.ClubManager.AccessControl.Repository\SM.ClubManager.AccessControl.Repository.csproj", "{54E8AA1B-B02E-4F2A-9581-248BB87B99B4}"
EndProject
Project("{9A19103F-16F7-4668-BE54-9A1E7A4F7556}") = "SM.ClubManager.AccessControl.SDK", "..\SM.ClubManager.AccessControl.SDK\SM.ClubManager.AccessControl.SDK.csproj", "{F62F098F-179F-4E2F-97AB-6E6A35435922}"
EndProject
Project("{9A19103F-16F7-4668-BE54-9A1E7A4F7556}") = "SM.ClubManager.AccessControl.PortScanner", "..\SM.ClubManager.AccessControl.PortScanner\SM.ClubManager.AccessControl.PortScanner.csproj", "{5C4FAB30-4E3E-4B0B-AF60-CC8E350605F4}"
EndProject
Project("{FAE04EC0-301F-11D3-BF4B-00C04F79EFBC}") = "SM.ClubManager.ModelBase", "..\SM.ClubManager.Library.ModelBase\SM.ClubManager.ModelBase.csproj", "{6EFE4D67-AA7F-40DD-B813-DD18125F121C}"
EndProject
Project("{FAE04EC0-301F-11D3-BF4B-00C04F79EFBC}") = "SM.ClubManager.AccessControl.UI", "..\SM.ClubManager.AccessControl.UI\SM.ClubManager.AccessControl.UI.csproj", "{FDAB8019-C4FE-42A0-AF8E-44EB3F54B4FD}"
EndProject
Project("{FAE04EC0-301F-11D3-BF4B-00C04F79EFBC}") = "SM.ClubManager.Library.Base", "..\SM.ClubManager.Library.Base\SM.ClubManager.Library.Base.csproj", "{D419CE9A-DB6F-4F28-ACA8-1B1076036CF0}"
EndProject
Global
	GlobalSection(SolutionConfigurationPlatforms) = preSolution
		Debug|Any CPU = Debug|Any CPU
		Debug|x86 = Debug|x86
		Release|Any CPU = Release|Any CPU
		Release|x86 = Release|x86
	EndGlobalSection
	GlobalSection(ProjectConfigurationPlatforms) = postSolution
		{07A3E7BE-13D1-46AD-BAA3-BA51B9C088D9}.Debug|Any CPU.ActiveCfg = Debug|Any CPU
		{07A3E7BE-13D1-46AD-BAA3-BA51B9C088D9}.Debug|Any CPU.Build.0 = Debug|Any CPU
		{07A3E7BE-13D1-46AD-BAA3-BA51B9C088D9}.Debug|x86.ActiveCfg = Debug|x86
		{07A3E7BE-13D1-46AD-BAA3-BA51B9C088D9}.Debug|x86.Build.0 = Debug|x86
		{07A3E7BE-13D1-46AD-BAA3-BA51B9C088D9}.Release|Any CPU.ActiveCfg = Release|Any CPU
		{07A3E7BE-13D1-46AD-BAA3-BA51B9C088D9}.Release|Any CPU.Build.0 = Release|Any CPU
		{07A3E7BE-13D1-46AD-BAA3-BA51B9C088D9}.Release|x86.ActiveCfg = Release|x86
		{07A3E7BE-13D1-46AD-BAA3-BA51B9C088D9}.Release|x86.Build.0 = Release|x86
		{A8BBB0B9-5B2B-4074-8E16-F14838C6DC89}.Debug|Any CPU.ActiveCfg = Debug|Any CPU
		{A8BBB0B9-5B2B-4074-8E16-F14838C6DC89}.Debug|Any CPU.Build.0 = Debug|Any CPU
		{A8BBB0B9-5B2B-4074-8E16-F14838C6DC89}.Debug|x86.ActiveCfg = Debug|x86
		{A8BBB0B9-5B2B-4074-8E16-F14838C6DC89}.Debug|x86.Build.0 = Debug|x86
		{A8BBB0B9-5B2B-4074-8E16-F14838C6DC89}.Release|Any CPU.ActiveCfg = Release|Any CPU
		{A8BBB0B9-5B2B-4074-8E16-F14838C6DC89}.Release|Any CPU.Build.0 = Release|Any CPU
		{A8BBB0B9-5B2B-4074-8E16-F14838C6DC89}.Release|x86.ActiveCfg = Release|x86
		{A8BBB0B9-5B2B-4074-8E16-F14838C6DC89}.Release|x86.Build.0 = Release|x86
		{6251FAA3-1225-4EB6-BB56-6690DB5880AE}.Debug|Any CPU.ActiveCfg = Debug|Any CPU
		{6251FAA3-1225-4EB6-BB56-6690DB5880AE}.Debug|Any CPU.Build.0 = Debug|Any CPU
		{6251FAA3-1225-4EB6-BB56-6690DB5880AE}.Debug|x86.ActiveCfg = Debug|x86
		{6251FAA3-1225-4EB6-BB56-6690DB5880AE}.Debug|x86.Build.0 = Debug|x86
		{6251FAA3-1225-4EB6-BB56-6690DB5880AE}.Release|Any CPU.ActiveCfg = Release|Any CPU
		{6251FAA3-1225-4EB6-BB56-6690DB5880AE}.Release|Any CPU.Build.0 = Release|Any CPU
		{6251FAA3-1225-4EB6-BB56-6690DB5880AE}.Release|x86.ActiveCfg = Release|x86
		{6251FAA3-1225-4EB6-BB56-6690DB5880AE}.Release|x86.Build.0 = Release|x86
		{54E8AA1B-B02E-4F2A-9581-248BB87B99B4}.Debug|Any CPU.ActiveCfg = Debug|Any CPU
		{54E8AA1B-B02E-4F2A-9581-248BB87B99B4}.Debug|Any CPU.Build.0 = Debug|Any CPU
		{54E8AA1B-B02E-4F2A-9581-248BB87B99B4}.Debug|x86.ActiveCfg = Debug|x86
		{54E8AA1B-B02E-4F2A-9581-248BB87B99B4}.Debug|x86.Build.0 = Debug|x86
		{54E8AA1B-B02E-4F2A-9581-248BB87B99B4}.Release|Any CPU.ActiveCfg = Release|Any CPU
		{54E8AA1B-B02E-4F2A-9581-248BB87B99B4}.Release|Any CPU.Build.0 = Release|Any CPU
		{54E8AA1B-B02E-4F2A-9581-248BB87B99B4}.Release|x86.ActiveCfg = Release|x86
		{54E8AA1B-B02E-4F2A-9581-248BB87B99B4}.Release|x86.Build.0 = Release|x86
		{F62F098F-179F-4E2F-97AB-6E6A35435922}.Debug|Any CPU.ActiveCfg = Debug|Any CPU
		{F62F098F-179F-4E2F-97AB-6E6A35435922}.Debug|Any CPU.Build.0 = Debug|Any CPU
		{F62F098F-179F-4E2F-97AB-6E6A35435922}.Debug|x86.ActiveCfg = Debug|x86
		{F62F098F-179F-4E2F-97AB-6E6A35435922}.Debug|x86.Build.0 = Debug|x86
		{F62F098F-179F-4E2F-97AB-6E6A35435922}.Release|Any CPU.ActiveCfg = Release|Any CPU
		{F62F098F-179F-4E2F-97AB-6E6A35435922}.Release|Any CPU.Build.0 = Release|Any CPU
		{F62F098F-179F-4E2F-97AB-6E6A35435922}.Release|x86.ActiveCfg = Release|x86
		{F62F098F-179F-4E2F-97AB-6E6A35435922}.Release|x86.Build.0 = Release|x86
		{5C4FAB30-4E3E-4B0B-AF60-CC8E350605F4}.Debug|Any CPU.ActiveCfg = Debug|Any CPU
		{5C4FAB30-4E3E-4B0B-AF60-CC8E350605F4}.Debug|Any CPU.Build.0 = Debug|Any CPU
		{5C4FAB30-4E3E-4B0B-AF60-CC8E350605F4}.Debug|x86.ActiveCfg = Debug|x86
		{5C4FAB30-4E3E-4B0B-AF60-CC8E350605F4}.Debug|x86.Build.0 = Debug|x86
		{5C4FAB30-4E3E-4B0B-AF60-CC8E350605F4}.Release|Any CPU.ActiveCfg = Release|Any CPU
		{5C4FAB30-4E3E-4B0B-AF60-CC8E350605F4}.Release|Any CPU.Build.0 = Release|Any CPU
		{5C4FAB30-4E3E-4B0B-AF60-CC8E350605F4}.Release|x86.ActiveCfg = Release|x86
		{5C4FAB30-4E3E-4B0B-AF60-CC8E350605F4}.Release|x86.Build.0 = Release|x86
		{6EFE4D67-AA7F-40DD-B813-DD18125F121C}.Debug|Any CPU.ActiveCfg = Debug|Any CPU
		{6EFE4D67-AA7F-40DD-B813-DD18125F121C}.Debug|Any CPU.Build.0 = Debug|Any CPU
		{6EFE4D67-AA7F-40DD-B813-DD18125F121C}.Debug|x86.ActiveCfg = Debug|x86
		{6EFE4D67-AA7F-40DD-B813-DD18125F121C}.Debug|x86.Build.0 = Debug|x86
		{6EFE4D67-AA7F-40DD-B813-DD18125F121C}.Release|Any CPU.ActiveCfg = Release|Any CPU
		{6EFE4D67-AA7F-40DD-B813-DD18125F121C}.Release|Any CPU.Build.0 = Release|Any CPU
		{6EFE4D67-AA7F-40DD-B813-DD18125F121C}.Release|x86.ActiveCfg = Release|x86
		{6EFE4D67-AA7F-40DD-B813-DD18125F121C}.Release|x86.Build.0 = Release|x86
		{FDAB8019-C4FE-42A0-AF8E-44EB3F54B4FD}.Debug|Any CPU.ActiveCfg = Debug|Any CPU
		{FDAB8019-C4FE-42A0-AF8E-44EB3F54B4FD}.Debug|Any CPU.Build.0 = Debug|Any CPU
		{FDAB8019-C4FE-42A0-AF8E-44EB3F54B4FD}.Debug|x86.ActiveCfg = Debug|x86
		{FDAB8019-C4FE-42A0-AF8E-44EB3F54B4FD}.Debug|x86.Build.0 = Debug|x86
		{FDAB8019-C4FE-42A0-AF8E-44EB3F54B4FD}.Release|Any CPU.ActiveCfg = Release|Any CPU
		{FDAB8019-C4FE-42A0-AF8E-44EB3F54B4FD}.Release|Any CPU.Build.0 = Release|Any CPU
		{FDAB8019-C4FE-42A0-AF8E-44EB3F54B4FD}.Release|x86.ActiveCfg = Release|x86
		{FDAB8019-C4FE-42A0-AF8E-44EB3F54B4FD}.Release|x86.Build.0 = Release|x86
		{D419CE9A-DB6F-4F28-ACA8-1B1076036CF0}.Debug|Any CPU.ActiveCfg = Debug|Any CPU
		{D419CE9A-DB6F-4F28-ACA8-1B1076036CF0}.Debug|Any CPU.Build.0 = Debug|Any CPU
		{D419CE9A-DB6F-4F28-ACA8-1B1076036CF0}.Debug|x86.ActiveCfg = Debug|x86
		{D419CE9A-DB6F-4F28-ACA8-1B1076036CF0}.Debug|x86.Build.0 = Debug|x86
		{D419CE9A-DB6F-4F28-ACA8-1B1076036CF0}.Release|Any CPU.ActiveCfg = Release|Any CPU
		{D419CE9A-DB6F-4F28-ACA8-1B1076036CF0}.Release|Any CPU.Build.0 = Release|Any CPU
		{D419CE9A-DB6F-4F28-ACA8-1B1076036CF0}.Release|x86.ActiveCfg = Release|x86
		{D419CE9A-DB6F-4F28-ACA8-1B1076036CF0}.Release|x86.Build.0 = Release|x86
	EndGlobalSection
	GlobalSection(SolutionProperties) = preSolution
		HideSolutionNode = FALSE
	EndGlobalSection
	GlobalSection(ExtensibilityGlobals) = postSolution
		SolutionGuid = {5D773E99-CCCF-4D6B-8C08-042BB4C3AAE6}
	EndGlobalSection
EndGlobal
